
Microsoft Visual Studio Solution File, Format Version 12.00
# Visual Studio Version 16
VisualStudioVersion = 16.0.29609.76
MinimumVisualStudioVersion = 10.0.40219.1
Project("{FAE04EC0-301F-11D3-BF4B-00C04F79EFBC}") = "HelloWorldApp", "HelloWorldApp\HelloWorldApp.csproj", "{96A45C36-003F-496B-8DC7-2E8F709399EB}"
EndProject
Global
	GlobalSection(SolutionConfigurationPlatforms) = preSolution
		Debug|Any CPU = Debug|Any CPU
		Release|Any CPU = Release|Any CPU
	EndGlobalSection
	GlobalSection(ProjectConfigurationPlatforms) = postSolution
		{96A45C36-003F-496B-8DC7-2E8F709399EB}.Debug|Any CPU.ActiveCfg = Debug|Any CPU
		{96A45C36-003F-496B-8DC7-2E8F709399EB}.Debug|Any CPU.Build.0 = Debug|Any CPU
		{96A45C36-003F-496B-8DC7-2E8F709399EB}.Release|Any CPU.ActiveCfg = Release|Any CPU
		{96A45C36-003F-496B-8DC7-2E8F709399EB}.Release|Any CPU.Build.0 = Release|Any CPU
	EndGlobalSection
	GlobalSection(SolutionProperties) = preSolution
		HideSolutionNode = FALSE
	EndGlobalSection
	GlobalSection(ExtensibilityGlobals) = postSolution
		SolutionGuid = {00BB1172-E132-4FE3-BAC3-3CC0BF0BA4B0}
	EndGlobalSection
EndGlobal
